// !$*UTF8*$!
{
	archiveVersion = 1;
	classes = {
	};
	objectVersion = 48;
	objects = {

/* Begin PBXBuildFile section */
		A8EC191220F2A6F800D638EE /* AppDelegate.swift in Sources */ = {isa = PBXBuildFile; fileRef = A8EC191120F2A6F800D638EE /* AppDelegate.swift */; };
		A8EC191420F2A6F800D638EE /* ViewController.swift in Sources */ = {isa = PBXBuildFile; fileRef = A8EC191320F2A6F800D638EE /* ViewController.swift */; };
		A8EC191720F2A6F800D638EE /* Main.storyboard in Resources */ = {isa = PBXBuildFile; fileRef = A8EC191520F2A6F800D638EE /* Main.storyboard */; };
		A8EC191920F2A6F800D638EE /* Assets.xcassets in Resources */ = {isa = PBXBuildFile; fileRef = A8EC191820F2A6F800D638EE /* Assets.xcassets */; };
		A8EC191C20F2A6F800D638EE /* LaunchScreen.storyboard in Resources */ = {isa = PBXBuildFile; fileRef = A8EC191A20F2A6F800D638EE /* LaunchScreen.storyboard */; };
		A8EC192720F2A6F800D638EE /* MemeSoundboardTests.swift in Sources */ = {isa = PBXBuildFile; fileRef = A8EC192620F2A6F800D638EE /* MemeSoundboardTests.swift */; };
		A8EC193220F2A6F800D638EE /* MemeSoundboardUITests.swift in Sources */ = {isa = PBXBuildFile; fileRef = A8EC193120F2A6F800D638EE /* MemeSoundboardUITests.swift */; };
		A8EC194320F2F3FB00D638EE /* Nani!.mp3 in Resources */ = {isa = PBXBuildFile; fileRef = A8EC194220F2F3FB00D638EE /* Nani!.mp3 */; };
		A8EC194520F2F4FA00D638EE /* Titanic.mp3 in Resources */ = {isa = PBXBuildFile; fileRef = A8EC194420F2F4FA00D638EE /* Titanic.mp3 */; };
		A8EC194720F2F62B00D638EE /* Pranked.mp3 in Resources */ = {isa = PBXBuildFile; fileRef = A8EC194620F2F62A00D638EE /* Pranked.mp3 */; };
		A8EC194920F2F73400D638EE /* Nestle.mp3 in Resources */ = {isa = PBXBuildFile; fileRef = A8EC194820F2F73400D638EE /* Nestle.mp3 */; };
		A8EC194B20F3206A00D638EE /* dametucosita.mp3 in Resources */ = {isa = PBXBuildFile; fileRef = A8EC194A20F3206A00D638EE /* dametucosita.mp3 */; };
		A8EC194C20F3206A00D638EE /* dametucosita.mp3 in Resources */ = {isa = PBXBuildFile; fileRef = A8EC194A20F3206A00D638EE /* dametucosita.mp3 */; };
		A8EC194E20F3212D00D638EE /* Wednesday.mp3 in Resources */ = {isa = PBXBuildFile; fileRef = A8EC194D20F3212C00D638EE /* Wednesday.mp3 */; };
		A8EC195020F3220F00D638EE /* Running.mp3 in Resources */ = {isa = PBXBuildFile; fileRef = A8EC194F20F3220F00D638EE /* Running.mp3 */; };
		A8EC195220F3277200D638EE /* breakfast.mp3 in Resources */ = {isa = PBXBuildFile; fileRef = A8EC195120F3277200D638EE /* breakfast.mp3 */; };
/* End PBXBuildFile section */

/* Begin PBXContainerItemProxy section */
		A8EC192320F2A6F800D638EE /* PBXContainerItemProxy */ = {
			isa = PBXContainerItemProxy;
			containerPortal = A8EC190620F2A6F800D638EE /* Project object */;
			proxyType = 1;
			remoteGlobalIDString = A8EC190D20F2A6F800D638EE;
			remoteInfo = MemeSoundboard;
		};
		A8EC192E20F2A6F800D638EE /* PBXContainerItemProxy */ = {
			isa = PBXContainerItemProxy;
			containerPortal = A8EC190620F2A6F800D638EE /* Project object */;
			proxyType = 1;
			remoteGlobalIDString = A8EC190D20F2A6F800D638EE;
			remoteInfo = MemeSoundboard;
		};
/* End PBXContainerItemProxy section */

/* Begin PBXFileReference section */
		A8EC190E20F2A6F800D638EE /* MemeSoundboard.app */ = {isa = PBXFileReference; explicitFileType = wrapper.application; includeInIndex = 0; path = MemeSoundboard.app; sourceTree = BUILT_PRODUCTS_DIR; };
		A8EC191120F2A6F800D638EE /* AppDelegate.swift */ = {isa = PBXFileReference; lastKnownFileType = sourcecode.swift; path = AppDelegate.swift; sourceTree = "<group>"; };
		A8EC191320F2A6F800D638EE /* ViewController.swift */ = {isa = PBXFileReference; lastKnownFileType = sourcecode.swift; path = ViewController.swift; sourceTree = "<group>"; };
		A8EC191620F2A6F800D638EE /* Base */ = {isa = PBXFileReference; lastKnownFileType = file.storyboard; name = Base; path = Base.lproj/Main.storyboard; sourceTree = "<group>"; };
		A8EC191820F2A6F800D638EE /* Assets.xcassets */ = {isa = PBXFileReference; lastKnownFileType = folder.assetcatalog; path = Assets.xcassets; sourceTree = "<group>"; };
		A8EC191B20F2A6F800D638EE /* Base */ = {isa = PBXFileReference; lastKnownFileType = file.storyboard; name = Base; path = Base.lproj/LaunchScreen.storyboard; sourceTree = "<group>"; };
		A8EC191D20F2A6F800D638EE /* Info.plist */ = {isa = PBXFileReference; lastKnownFileType = text.plist.xml; path = Info.plist; sourceTree = "<group>"; };
		A8EC192220F2A6F800D638EE /* MemeSoundboardTests.xctest */ = {isa = PBXFileReference; explicitFileType = wrapper.cfbundle; includeInIndex = 0; path = MemeSoundboardTests.xctest; sourceTree = BUILT_PRODUCTS_DIR; };
		A8EC192620F2A6F800D638EE /* MemeSoundboardTests.swift */ = {isa = PBXFileReference; lastKnownFileType = sourcecode.swift; path = MemeSoundboardTests.swift; sourceTree = "<group>"; };
		A8EC192D20F2A6F800D638EE /* MemeSoundboardUITests.xctest */ = {isa = PBXFileReference; explicitFileType = wrapper.cfbundle; includeInIndex = 0; path = MemeSoundboardUITests.xctest; sourceTree = BUILT_PRODUCTS_DIR; };
		A8EC193120F2A6F800D638EE /* MemeSoundboardUITests.swift */ = {isa = PBXFileReference; lastKnownFileType = sourcecode.swift; path = MemeSoundboardUITests.swift; sourceTree = "<group>"; };
		A8EC193320F2A6F800D638EE /* Info.plist */ = {isa = PBXFileReference; lastKnownFileType = text.plist.xml; path = Info.plist; sourceTree = "<group>"; };
		A8EC194220F2F3FB00D638EE /* Nani!.mp3 */ = {isa = PBXFileReference; lastKnownFileType = audio.mp3; name = "Nani!.mp3"; path = "../../../../Nani!.mp3"; sourceTree = "<group>"; };
		A8EC194420F2F4FA00D638EE /* Titanic.mp3 */ = {isa = PBXFileReference; lastKnownFileType = audio.mp3; name = Titanic.mp3; path = ../../../../Titanic.mp3; sourceTree = "<group>"; };
		A8EC194620F2F62A00D638EE /* Pranked.mp3 */ = {isa = PBXFileReference; lastKnownFileType = audio.mp3; name = Pranked.mp3; path = ../../../../Pranked.mp3; sourceTree = "<group>"; };
		A8EC194820F2F73400D638EE /* Nestle.mp3 */ = {isa = PBXFileReference; lastKnownFileType = audio.mp3; name = Nestle.mp3; path = ../../../../Nestle.mp3; sourceTree = "<group>"; };
		A8EC194A20F3206A00D638EE /* dametucosita.mp3 */ = {isa = PBXFileReference; lastKnownFileType = audio.mp3; name = dametucosita.mp3; path = ../../../../dametucosita.mp3; sourceTree = "<group>"; };
		A8EC194D20F3212C00D638EE /* Wednesday.mp3 */ = {isa = PBXFileReference; lastKnownFileType = audio.mp3; name = Wednesday.mp3; path = ../../../../Wednesday.mp3; sourceTree = "<group>"; };
		A8EC194F20F3220F00D638EE /* Running.mp3 */ = {isa = PBXFileReference; lastKnownFileType = audio.mp3; name = Running.mp3; path = ../../../../Running.mp3; sourceTree = "<group>"; };
		A8EC195120F3277200D638EE /* breakfast.mp3 */ = {isa = PBXFileReference; lastKnownFileType = audio.mp3; name = breakfast.mp3; path = ../../../../breakfast.mp3; sourceTree = "<group>"; };
/* End PBXFileReference section */

/* Begin PBXFrameworksBuildPhase section */
		A8EC190B20F2A6F800D638EE /* Frameworks */ = {
			isa = PBXFrameworksBuildPhase;
			buildActionMask = 2147483647;
			files = (
			);
			runOnlyForDeploymentPostprocessing = 0;
		};
		A8EC191F20F2A6F800D638EE /* Frameworks */ = {
			isa = PBXFrameworksBuildPhase;
			buildActionMask = 2147483647;
			files = (
			);
			runOnlyForDeploymentPostprocessing = 0;
		};
		A8EC192A20F2A6F800D638EE /* Frameworks */ = {
			isa = PBXFrameworksBuildPhase;
			buildActionMask = 2147483647;
			files = (
			);
			runOnlyForDeploymentPostprocessing = 0;
		};
/* End PBXFrameworksBuildPhase section */

/* Begin PBXGroup section */
		A8EC190520F2A6F800D638EE = {
			isa = PBXGroup;
			children = (
				A8EC191020F2A6F800D638EE /* MemeSoundboard */,
				A8EC192520F2A6F800D638EE /* MemeSoundboardTests */,
				A8EC193020F2A6F800D638EE /* MemeSoundboardUITests */,
				A8EC190F20F2A6F800D638EE /* Products */,
			);
			sourceTree = "<group>";
		};
		A8EC190F20F2A6F800D638EE /* Products */ = {
			isa = PBXGroup;
			children = (
				A8EC190E20F2A6F800D638EE /* MemeSoundboard.app */,
				A8EC192220F2A6F800D638EE /* MemeSoundboardTests.xctest */,
				A8EC192D20F2A6F800D638EE /* MemeSoundboardUITests.xctest */,
			);
			name = Products;
			sourceTree = "<group>";
		};
		A8EC191020F2A6F800D638EE /* MemeSoundboard */ = {
			isa = PBXGroup;
			children = (
				A8EC191120F2A6F800D638EE /* AppDelegate.swift */,
				A8EC191320F2A6F800D638EE /* ViewController.swift */,
				A8EC191520F2A6F800D638EE /* Main.storyboard */,
				A8EC191820F2A6F800D638EE /* Assets.xcassets */,
				A8EC191A20F2A6F800D638EE /* LaunchScreen.storyboard */,
				A8EC191D20F2A6F800D638EE /* Info.plist */,
				A8EC193F20F2EEDF00D638EE /* MemeAudio */,
			);
			path = MemeSoundboard;
			sourceTree = "<group>";
		};
		A8EC192520F2A6F800D638EE /* MemeSoundboardTests */ = {
			isa = PBXGroup;
			children = (
				A8EC192620F2A6F800D638EE /* MemeSoundboardTests.swift */,
			);
			path = MemeSoundboardTests;
			sourceTree = "<group>";
		};
		A8EC193020F2A6F800D638EE /* MemeSoundboardUITests */ = {
			isa = PBXGroup;
			children = (
				A8EC193120F2A6F800D638EE /* MemeSoundboardUITests.swift */,
				A8EC193320F2A6F800D638EE /* Info.plist */,
			);
			path = MemeSoundboardUITests;
			sourceTree = "<group>";
		};
		A8EC193F20F2EEDF00D638EE /* MemeAudio */ = {
			isa = PBXGroup;
			children = (
				A8EC195120F3277200D638EE /* breakfast.mp3 */,
				A8EC194F20F3220F00D638EE /* Running.mp3 */,
				A8EC194D20F3212C00D638EE /* Wednesday.mp3 */,
				A8EC194A20F3206A00D638EE /* dametucosita.mp3 */,
				A8EC194820F2F73400D638EE /* Nestle.mp3 */,
				A8EC194620F2F62A00D638EE /* Pranked.mp3 */,
				A8EC194420F2F4FA00D638EE /* Titanic.mp3 */,
				A8EC194220F2F3FB00D638EE /* Nani!.mp3 */,
			);
			path = MemeAudio;
			sourceTree = "<group>";
		};
/* End PBXGroup section */

/* Begin PBXNativeTarget section */
		A8EC190D20F2A6F800D638EE /* MemeSoundboard */ = {
			isa = PBXNativeTarget;
			buildConfigurationList = A8EC193620F2A6F800D638EE /* Build configuration list for PBXNativeTarget "MemeSoundboard" */;
			buildPhases = (
				A8EC190A20F2A6F800D638EE /* Sources */,
				A8EC190B20F2A6F800D638EE /* Frameworks */,
				A8EC190C20F2A6F800D638EE /* Resources */,
			);
			buildRules = (
			);
			dependencies = (
			);
			name = MemeSoundboard;
			productName = MemeSoundboard;
			productReference = A8EC190E20F2A6F800D638EE /* MemeSoundboard.app */;
			productType = "com.apple.product-type.application";
		};
		A8EC192120F2A6F800D638EE /* MemeSoundboardTests */ = {
			isa = PBXNativeTarget;
			buildConfigurationList = A8EC193920F2A6F800D638EE /* Build configuration list for PBXNativeTarget "MemeSoundboardTests" */;
			buildPhases = (
				A8EC191E20F2A6F800D638EE /* Sources */,
				A8EC191F20F2A6F800D638EE /* Frameworks */,
				A8EC192020F2A6F800D638EE /* Resources */,
			);
			buildRules = (
			);
			dependencies = (
				A8EC192420F2A6F800D638EE /* PBXTargetDependency */,
			);
			name = MemeSoundboardTests;
			productName = MemeSoundboardTests;
			productReference = A8EC192220F2A6F800D638EE /* MemeSoundboardTests.xctest */;
			productType = "com.apple.product-type.bundle.unit-test";
		};
		A8EC192C20F2A6F800D638EE /* MemeSoundboardUITests */ = {
			isa = PBXNativeTarget;
			buildConfigurationList = A8EC193C20F2A6F800D638EE /* Build configuration list for PBXNativeTarget "MemeSoundboardUITests" */;
			buildPhases = (
				A8EC192920F2A6F800D638EE /* Sources */,
				A8EC192A20F2A6F800D638EE /* Frameworks */,
				A8EC192B20F2A6F800D638EE /* Resources */,
			);
			buildRules = (
			);
			dependencies = (
				A8EC192F20F2A6F800D638EE /* PBXTargetDependency */,
			);
			name = MemeSoundboardUITests;
			productName = MemeSoundboardUITests;
			productReference = A8EC192D20F2A6F800D638EE /* MemeSoundboardUITests.xctest */;
			productType = "com.apple.product-type.bundle.ui-testing";
		};
/* End PBXNativeTarget section */

/* Begin PBXProject section */
		A8EC190620F2A6F800D638EE /* Project object */ = {
			isa = PBXProject;
			attributes = {
				LastSwiftUpdateCheck = 0920;
				LastUpgradeCheck = 0920;
				ORGANIZATIONNAME = "Jaden Garrett";
				TargetAttributes = {
					A8EC190D20F2A6F800D638EE = {
						CreatedOnToolsVersion = 9.2;
						ProvisioningStyle = Automatic;
					};
					A8EC192120F2A6F800D638EE = {
						CreatedOnToolsVersion = 9.2;
						ProvisioningStyle = Automatic;
						TestTargetID = A8EC190D20F2A6F800D638EE;
					};
					A8EC192C20F2A6F800D638EE = {
						CreatedOnToolsVersion = 9.2;
						ProvisioningStyle = Automatic;
						TestTargetID = A8EC190D20F2A6F800D638EE;
					};
				};
			};
			buildConfigurationList = A8EC190920F2A6F800D638EE /* Build configuration list for PBXProject "MemeSoundboard" */;
			compatibilityVersion = "Xcode 8.0";
			developmentRegion = en;
			hasScannedForEncodings = 0;
			knownRegions = (
				en,
				Base,
			);
			mainGroup = A8EC190520F2A6F800D638EE;
			productRefGroup = A8EC190F20F2A6F800D638EE /* Products */;
			projectDirPath = "";
			projectRoot = "";
			targets = (
				A8EC190D20F2A6F800D638EE /* MemeSoundboard */,
				A8EC192120F2A6F800D638EE /* MemeSoundboardTests */,
				A8EC192C20F2A6F800D638EE /* MemeSoundboardUITests */,
			);
		};
/* End PBXProject section */

/* Begin PBXResourcesBuildPhase section */
		A8EC190C20F2A6F800D638EE /* Resources */ = {
			isa = PBXResourcesBuildPhase;
			buildActionMask = 2147483647;
			files = (
				A8EC191C20F2A6F800D638EE /* LaunchScreen.storyboard in Resources */,
				A8EC194920F2F73400D638EE /* Nestle.mp3 in Resources */,
				A8EC194520F2F4FA00D638EE /* Titanic.mp3 in Resources */,
				A8EC194720F2F62B00D638EE /* Pranked.mp3 in Resources */,
				A8EC191920F2A6F800D638EE /* Assets.xcassets in Resources */,
				A8EC194320F2F3FB00D638EE /* Nani!.mp3 in Resources */,
				A8EC191720F2A6F800D638EE /* Main.storyboard in Resources */,
				A8EC194E20F3212D00D638EE /* Wednesday.mp3 in Resources */,
				A8EC195220F3277200D638EE /* breakfast.mp3 in Resources */,
				A8EC195020F3220F00D638EE /* Running.mp3 in Resources */,
			);
			runOnlyForDeploymentPostprocessing = 0;
		};
		A8EC192020F2A6F800D638EE /* Resources */ = {
			isa = PBXResourcesBuildPhase;
			buildActionMask = 2147483647;
			files = (
				A8EC194B20F3206A00D638EE /* dametucosita.mp3 in Resources */,
			);
			runOnlyForDeploymentPostprocessing = 0;
		};
		A8EC192B20F2A6F800D638EE /* Resources */ = {
			isa = PBXResourcesBuildPhase;
			buildActionMask = 2147483647;
			files = (
				A8EC194C20F3206A00D638EE /* dametucosita.mp3 in Resources */,
			);
			runOnlyForDeploymentPostprocessing = 0;
		};
/* End PBXResourcesBuildPhase section */

/* Begin PBXSourcesBuildPhase section */
		A8EC190A20F2A6F800D638EE /* Sources */ = {
			isa = PBXSourcesBuildPhase;
			buildActionMask = 2147483647;
			files = (
				A8EC191420F2A6F800D638EE /* ViewController.swift in Sources */,
				A8EC191220F2A6F800D638EE /* AppDelegate.swift in Sources */,
			);
			runOnlyForDeploymentPostprocessing = 0;
		};
		A8EC191E20F2A6F800D638EE /* Sources */ = {
			isa = PBXSourcesBuildPhase;
			buildActionMask = 2147483647;
			files = (
				A8EC192720F2A6F800D638EE /* MemeSoundboardTests.swift in Sources */,
			);
			runOnlyForDeploymentPostprocessing = 0;
		};
		A8EC192920F2A6F800D638EE /* Sources */ = {
			isa = PBXSourcesBuildPhase;
			buildActionMask = 2147483647;
			files = (
				A8EC193220F2A6F800D638EE /* MemeSoundboardUITests.swift in Sources */,
			);
			runOnlyForDeploymentPostprocessing = 0;
		};
/* End PBXSourcesBuildPhase section */

/* Begin PBXTargetDependency section */
		A8EC192420F2A6F800D638EE /* PBXTargetDependency */ = {
			isa = PBXTargetDependency;
			target = A8EC190D20F2A6F800D638EE /* MemeSoundboard */;
			targetProxy = A8EC192320F2A6F800D638EE /* PBXContainerItemProxy */;
		};
		A8EC192F20F2A6F800D638EE /* PBXTargetDependency */ = {
			isa = PBXTargetDependency;
			target = A8EC190D20F2A6F800D638EE /* MemeSoundboard */;
			targetProxy = A8EC192E20F2A6F800D638EE /* PBXContainerItemProxy */;
		};
/* End PBXTargetDependency section */

/* Begin PBXVariantGroup section */
		A8EC191520F2A6F800D638EE /* Main.storyboard */ = {
			isa = PBXVariantGroup;
			children = (
				A8EC191620F2A6F800D638EE /* Base */,
			);
			name = Main.storyboard;
			sourceTree = "<group>";
		};
		A8EC191A20F2A6F800D638EE /* LaunchScreen.storyboard */ = {
			isa = PBXVariantGroup;
			children = (
				A8EC191B20F2A6F800D638EE /* Base */,
			);
			name = LaunchScreen.storyboard;
			sourceTree = "<group>";
		};
/* End PBXVariantGroup section */

/* Begin XCBuildConfiguration section */
		A8EC193420F2A6F800D638EE /* Debug */ = {
			isa = XCBuildConfiguration;
			buildSettings = {
				ALWAYS_SEARCH_USER_PATHS = NO;
				CLANG_ANALYZER_NONNULL = YES;
				CLANG_ANALYZER_NUMBER_OBJECT_CONVERSION = YES_AGGRESSIVE;
				CLANG_CXX_LANGUAGE_STANDARD = "gnu++14";
				CLANG_CXX_LIBRARY = "libc++";
				CLANG_ENABLE_MODULES = YES;
				CLANG_ENABLE_OBJC_ARC = YES;
				CLANG_WARN_BLOCK_CAPTURE_AUTORELEASING = YES;
				CLANG_WARN_BOOL_CONVERSION = YES;
				CLANG_WARN_COMMA = YES;
				CLANG_WARN_CONSTANT_CONVERSION = YES;
				CLANG_WARN_DIRECT_OBJC_ISA_USAGE = YES_ERROR;
				CLANG_WARN_DOCUMENTATION_COMMENTS = YES;
				CLANG_WARN_EMPTY_BODY = YES;
				CLANG_WARN_ENUM_CONVERSION = YES;
				CLANG_WARN_INFINITE_RECURSION = YES;
				CLANG_WARN_INT_CONVERSION = YES;
				CLANG_WARN_NON_LITERAL_NULL_CONVERSION = YES;
				CLANG_WARN_OBJC_LITERAL_CONVERSION = YES;
				CLANG_WARN_OBJC_ROOT_CLASS = YES_ERROR;
				CLANG_WARN_RANGE_LOOP_ANALYSIS = YES;
				CLANG_WARN_STRICT_PROTOTYPES = YES;
				CLANG_WARN_SUSPICIOUS_MOVE = YES;
				CLANG_WARN_UNGUARDED_AVAILABILITY = YES_AGGRESSIVE;
				CLANG_WARN_UNREACHABLE_CODE = YES;
				CLANG_WARN__DUPLICATE_METHOD_MATCH = YES;
				CODE_SIGN_IDENTITY = "iPhone Developer";
				COPY_PHASE_STRIP = NO;
				DEBUG_INFORMATION_FORMAT = dwarf;
				ENABLE_STRICT_OBJC_MSGSEND = YES;
				ENABLE_TESTABILITY = YES;
				GCC_C_LANGUAGE_STANDARD = gnu11;
				GCC_DYNAMIC_NO_PIC = NO;
				GCC_NO_COMMON_BLOCKS = YES;
				GCC_OPTIMIZATION_LEVEL = 0;
				GCC_PREPROCESSOR_DEFINITIONS = (
					"DEBUG=1",
					"$(inherited)",
				);
				GCC_WARN_64_TO_32_BIT_CONVERSION = YES;
				GCC_WARN_ABOUT_RETURN_TYPE = YES_ERROR;
				GCC_WARN_UNDECLARED_SELECTOR = YES;
				GCC_WARN_UNINITIALIZED_AUTOS = YES_AGGRESSIVE;
				GCC_WARN_UNUSED_FUNCTION = YES;
				GCC_WARN_UNUSED_VARIABLE = YES;
				IPHONEOS_DEPLOYMENT_TARGET = 11.2;
				MTL_ENABLE_DEBUG_INFO = YES;
				ONLY_ACTIVE_ARCH = YES;
				SDKROOT = iphoneos;
				SWIFT_ACTIVE_COMPILATION_CONDITIONS = DEBUG;
				SWIFT_OPTIMIZATION_LEVEL = "-Onone";
			};
			name = Debug;
		};
		A8EC193520F2A6F800D638EE /* Release */ = {
			isa = XCBuildConfiguration;
			buildSettings = {
				ALWAYS_SEARCH_USER_PATHS = NO;
				CLANG_ANALYZER_NONNULL = YES;
				CLANG_ANALYZER_NUMBER_OBJECT_CONVERSION = YES_AGGRESSIVE;
				CLANG_CXX_LANGUAGE_STANDARD = "gnu++14";
				CLANG_CXX_LIBRARY = "libc++";
				CLANG_ENABLE_MODULES = YES;
				CLANG_ENABLE_OBJC_ARC = YES;
				CLANG_WARN_BLOCK_CAPTURE_AUTORELEASING = YES;
				CLANG_WARN_BOOL_CONVERSION = YES;
				CLANG_WARN_COMMA = YES;
				CLANG_WARN_CONSTANT_CONVERSION = YES;
				CLANG_WARN_DIRECT_OBJC_ISA_USAGE = YES_ERROR;
				CLANG_WARN_DOCUMENTATION_COMMENTS = YES;
				CLANG_WARN_EMPTY_BODY = YES;
				CLANG_WARN_ENUM_CONVERSION = YES;
				CLANG_WARN_INFINITE_RECURSION = YES;
				CLANG_WARN_INT_CONVERSION = YES;
				CLANG_WARN_NON_LITERAL_NULL_CONVERSION = YES;
				CLANG_WARN_OBJC_LITERAL_CONVERSION = YES;
				CLANG_WARN_OBJC_ROOT_CLASS = YES_ERROR;
				CLANG_WARN_RANGE_LOOP_ANALYSIS = YES;
				CLANG_WARN_STRICT_PROTOTYPES = YES;
				CLANG_WARN_SUSPICIOUS_MOVE = YES;
				CLANG_WARN_UNGUARDED_AVAILABILITY = YES_AGGRESSIVE;
				CLANG_WARN_UNREACHABLE_CODE = YES;
				CLANG_WARN__DUPLICATE_METHOD_MATCH = YES;
				CODE_SIGN_IDENTITY = "iPhone Developer";
				COPY_PHASE_STRIP = NO;
				DEBUG_INFORMATION_FORMAT = "dwarf-with-dsym";
				ENABLE_NS_ASSERTIONS = NO;
				ENABLE_STRICT_OBJC_MSGSEND = YES;
				GCC_C_LANGUAGE_STANDARD = gnu11;
				GCC_NO_COMMON_BLOCKS = YES;
				GCC_WARN_64_TO_32_BIT_CONVERSION = YES;
				GCC_WARN_ABOUT_RETURN_TYPE = YES_ERROR;
				GCC_WARN_UNDECLARED_SELECTOR = YES;
				GCC_WARN_UNINITIALIZED_AUTOS = YES_AGGRESSIVE;
				GCC_WARN_UNUSED_FUNCTION = YES;
				GCC_WARN_UNUSED_VARIABLE = YES;
				IPHONEOS_DEPLOYMENT_TARGET = 11.2;
				MTL_ENABLE_DEBUG_INFO = NO;
				SDKROOT = iphoneos;
				SWIFT_OPTIMIZATION_LEVEL = "-Owholemodule";
				VALIDATE_PRODUCT = YES;
			};
			name = Release;
		};
		A8EC193720F2A6F800D638EE /* Debug */ = {
			isa = XCBuildConfiguration;
			buildSettings = {
				ASSETCATALOG_COMPILER_APPICON_NAME = AppIcon;
				CODE_SIGN_STYLE = Automatic;
				INFOPLIST_FILE = MemeSoundboard/Info.plist;
				LD_RUNPATH_SEARCH_PATHS = "$(inherited) @executable_path/Frameworks";
				PRODUCT_BUNDLE_IDENTIFIER = Jaden.MemeSoundboard;
				PRODUCT_NAME = "$(TARGET_NAME)";
				SWIFT_VERSION = 4.0;
				TARGETED_DEVICE_FAMILY = "1,2";
			};
			name = Debug;
		};
		A8EC193820F2A6F800D638EE /* Release */ = {
			isa = XCBuildConfiguration;
			buildSettings = {
				ASSETCATALOG_COMPILER_APPICON_NAME = AppIcon;
				CODE_SIGN_STYLE = Automatic;
				INFOPLIST_FILE = MemeSoundboard/Info.plist;
				LD_RUNPATH_SEARCH_PATHS = "$(inherited) @executable_path/Frameworks";
				PRODUCT_BUNDLE_IDENTIFIER = Jaden.MemeSoundboard;
				PRODUCT_NAME = "$(TARGET_NAME)";
				SWIFT_VERSION = 4.0;
				TARGETED_DEVICE_FAMILY = "1,2";
			};
			name = Release;
		};
		A8EC193A20F2A6F800D638EE /* Debug */ = {
			isa = XCBuildConfiguration;
			buildSettings = {
				ALWAYS_EMBED_SWIFT_STANDARD_LIBRARIES = YES;
				BUNDLE_LOADER = "$(TEST_HOST)";
				CODE_SIGN_STYLE = Automatic;
				INFOPLIST_FILE = MemeSoundboardTests/Info.plist;
				LD_RUNPATH_SEARCH_PATHS = "$(inherited) @executable_path/Frameworks @loader_path/Frameworks";
				PRODUCT_BUNDLE_IDENTIFIER = Jaden.MemeSoundboardTests;
				PRODUCT_NAME = "$(TARGET_NAME)";
				SWIFT_VERSION = 4.0;
				TARGETED_DEVICE_FAMILY = "1,2";
				TEST_HOST = "$(BUILT_PRODUCTS_DIR)/MemeSoundboard.app/MemeSoundboard";
			};
			name = Debug;
		};
		A8EC193B20F2A6F800D638EE /* Release */ = {
			isa = XCBuildConfiguration;
			buildSettings = {
				ALWAYS_EMBED_SWIFT_STANDARD_LIBRARIES = YES;
				BUNDLE_LOADER = "$(TEST_HOST)";
				CODE_SIGN_STYLE = Automatic;
				INFOPLIST_FILE = MemeSoundboardTests/Info.plist;
				LD_RUNPATH_SEARCH_PATHS = "$(inherited) @executable_path/Frameworks @loader_path/Frameworks";
				PRODUCT_BUNDLE_IDENTIFIER = Jaden.MemeSoundboardTests;
				PRODUCT_NAME = "$(TARGET_NAME)";
				SWIFT_VERSION = 4.0;
				TARGETED_DEVICE_FAMILY = "1,2";
				TEST_HOST = "$(BUILT_PRODUCTS_DIR)/MemeSoundboard.app/MemeSoundboard";
			};
			name = Release;
		};
		A8EC193D20F2A6F800D638EE /* Debug */ = {
			isa = XCBuildConfiguration;
			buildSettings = {
				ALWAYS_EMBED_SWIFT_STANDARD_LIBRARIES = YES;
				CODE_SIGN_STYLE = Automatic;
				INFOPLIST_FILE = MemeSoundboardUITests/Info.plist;
				LD_RUNPATH_SEARCH_PATHS = "$(inherited) @executable_path/Frameworks @loader_path/Frameworks";
				PRODUCT_BUNDLE_IDENTIFIER = Jaden.MemeSoundboardUITests;
				PRODUCT_NAME = "$(TARGET_NAME)";
				SWIFT_VERSION = 4.0;
				TARGETED_DEVICE_FAMILY = "1,2";
				TEST_TARGET_NAME = MemeSoundboard;
			};
			name = Debug;
		};
		A8EC193E20F2A6F800D638EE /* Release */ = {
			isa = XCBuildConfiguration;
			buildSettings = {
				ALWAYS_EMBED_SWIFT_STANDARD_LIBRARIES = YES;
				CODE_SIGN_STYLE = Automatic;
				INFOPLIST_FILE = MemeSoundboardUITests/Info.plist;
				LD_RUNPATH_SEARCH_PATHS = "$(inherited) @executable_path/Frameworks @loader_path/Frameworks";
				PRODUCT_BUNDLE_IDENTIFIER = Jaden.MemeSoundboardUITests;
				PRODUCT_NAME = "$(TARGET_NAME)";
				SWIFT_VERSION = 4.0;
				TARGETED_DEVICE_FAMILY = "1,2";
				TEST_TARGET_NAME = MemeSoundboard;
			};
			name = Release;
		};
/* End XCBuildConfiguration section */

/* Begin XCConfigurationList section */
		A8EC190920F2A6F800D638EE /* Build configuration list for PBXProject "MemeSoundboard" */ = {
			isa = XCConfigurationList;
			buildConfigurations = (
				A8EC193420F2A6F800D638EE /* Debug */,
				A8EC193520F2A6F800D638EE /* Release */,
			);
			defaultConfigurationIsVisible = 0;
			defaultConfigurationName = Release;
		};
		A8EC193620F2A6F800D638EE /* Build configuration list for PBXNativeTarget "MemeSoundboard" */ = {
			isa = XCConfigurationList;
			buildConfigurations = (
				A8EC193720F2A6F800D638EE /* Debug */,
				A8EC193820F2A6F800D638EE /* Release */,
			);
			defaultConfigurationIsVisible = 0;
			defaultConfigurationName = Release;
		};
		A8EC193920F2A6F800D638EE /* Build configuration list for PBXNativeTarget "MemeSoundboardTests" */ = {
			isa = XCConfigurationList;
			buildConfigurations = (
				A8EC193A20F2A6F800D638EE /* Debug */,
				A8EC193B20F2A6F800D638EE /* Release */,
			);
			defaultConfigurationIsVisible = 0;
			defaultConfigurationName = Release;
		};
		A8EC193C20F2A6F800D638EE /* Build configuration list for PBXNativeTarget "MemeSoundboardUITests" */ = {
			isa = XCConfigurationList;
			buildConfigurations = (
				A8EC193D20F2A6F800D638EE /* Debug */,
				A8EC193E20F2A6F800D638EE /* Release */,
			);
			defaultConfigurationIsVisible = 0;
			defaultConfigurationName = Release;
		};
/* End XCConfigurationList section */
	};
	rootObject = A8EC190620F2A6F800D638EE /* Project object */;
}
